
Microsoft Visual Studio Solution File, Format Version 12.00
# Visual Studio 2012
Project("{FAE04EC0-301F-11D3-BF4B-00C04F79EFBC}") = "PeterService", "PeterService\PeterService.csproj", "{DCC54441-3E89-4E6E-9F0B-9DE8BE31FA90}"
EndProject
Project("{FAE04EC0-301F-11D3-BF4B-00C04F79EFBC}") = "PeterService.Droid", "Droid\PeterService.Droid.csproj", "{5006B60E-7E2C-4543-8BCC-C61B877AD0FB}"
EndProject
Project("{FAE04EC0-301F-11D3-BF4B-00C04F79EFBC}") = "PeterService.iOS", "iOS\PeterService.iOS.csproj", "{E656B6E1-F352-4F72-AA72-BE8CDF4FB149}"
EndProject
Project("{FAE04EC0-301F-11D3-BF4B-00C04F79EFBC}") = "PeterService.Droid.UITests", "PeterService.Droid.UITests\PeterService.Droid.UITests.csproj", "{E524CA6C-5FB9-49BE-A67C-2267C64725CA}"
EndProject
Project("{2150E333-8FDC-42A3-9474-1A3956D46DE8}") = "Tests", "Tests", "{7E715C66-D897-4DCB-87AD-AFA43D4E01F3}"
EndProject
Project("{FAE04EC0-301F-11D3-BF4B-00C04F79EFBC}") = "PeterService.iOS.UITests", "PeterService.iOS.UITests\PeterService.iOS.UITests.csproj", "{62D84242-F24C-4BF4-BD46-E2564C54B9A7}"
EndProject
Global
	GlobalSection(SolutionConfigurationPlatforms) = preSolution
		Debug|Any CPU = Debug|Any CPU
		Release|Any CPU = Release|Any CPU
		Debug|iPhoneSimulator = Debug|iPhoneSimulator
		Release|iPhone = Release|iPhone
		Release|iPhoneSimulator = Release|iPhoneSimulator
		Debug|iPhone = Debug|iPhone
	EndGlobalSection
	GlobalSection(ProjectConfigurationPlatforms) = postSolution
		{DCC54441-3E89-4E6E-9F0B-9DE8BE31FA90}.Debug|Any CPU.ActiveCfg = Debug|Any CPU
		{DCC54441-3E89-4E6E-9F0B-9DE8BE31FA90}.Debug|Any CPU.Build.0 = Debug|Any CPU
		{DCC54441-3E89-4E6E-9F0B-9DE8BE31FA90}.Release|Any CPU.ActiveCfg = Release|Any CPU
		{DCC54441-3E89-4E6E-9F0B-9DE8BE31FA90}.Release|Any CPU.Build.0 = Release|Any CPU
		{DCC54441-3E89-4E6E-9F0B-9DE8BE31FA90}.Debug|iPhoneSimulator.ActiveCfg = Debug|Any CPU
		{DCC54441-3E89-4E6E-9F0B-9DE8BE31FA90}.Debug|iPhoneSimulator.Build.0 = Debug|Any CPU
		{DCC54441-3E89-4E6E-9F0B-9DE8BE31FA90}.Release|iPhone.ActiveCfg = Release|Any CPU
		{DCC54441-3E89-4E6E-9F0B-9DE8BE31FA90}.Release|iPhone.Build.0 = Release|Any CPU
		{DCC54441-3E89-4E6E-9F0B-9DE8BE31FA90}.Release|iPhoneSimulator.ActiveCfg = Release|Any CPU
		{DCC54441-3E89-4E6E-9F0B-9DE8BE31FA90}.Release|iPhoneSimulator.Build.0 = Release|Any CPU
		{DCC54441-3E89-4E6E-9F0B-9DE8BE31FA90}.Debug|iPhone.ActiveCfg = Debug|Any CPU
		{DCC54441-3E89-4E6E-9F0B-9DE8BE31FA90}.Debug|iPhone.Build.0 = Debug|Any CPU
		{5006B60E-7E2C-4543-8BCC-C61B877AD0FB}.Debug|Any CPU.ActiveCfg = Debug|Any CPU
		{5006B60E-7E2C-4543-8BCC-C61B877AD0FB}.Debug|Any CPU.Build.0 = Debug|Any CPU
		{5006B60E-7E2C-4543-8BCC-C61B877AD0FB}.Release|Any CPU.ActiveCfg = Release|Any CPU
		{5006B60E-7E2C-4543-8BCC-C61B877AD0FB}.Release|Any CPU.Build.0 = Release|Any CPU
		{5006B60E-7E2C-4543-8BCC-C61B877AD0FB}.Debug|iPhoneSimulator.ActiveCfg = Debug|Any CPU
		{5006B60E-7E2C-4543-8BCC-C61B877AD0FB}.Debug|iPhoneSimulator.Build.0 = Debug|Any CPU
		{5006B60E-7E2C-4543-8BCC-C61B877AD0FB}.Release|iPhone.ActiveCfg = Release|Any CPU
		{5006B60E-7E2C-4543-8BCC-C61B877AD0FB}.Release|iPhone.Build.0 = Release|Any CPU
		{5006B60E-7E2C-4543-8BCC-C61B877AD0FB}.Release|iPhoneSimulator.ActiveCfg = Release|Any CPU
		{5006B60E-7E2C-4543-8BCC-C61B877AD0FB}.Release|iPhoneSimulator.Build.0 = Release|Any CPU
		{5006B60E-7E2C-4543-8BCC-C61B877AD0FB}.Debug|iPhone.ActiveCfg = Debug|Any CPU
		{5006B60E-7E2C-4543-8BCC-C61B877AD0FB}.Debug|iPhone.Build.0 = Debug|Any CPU
		{E656B6E1-F352-4F72-AA72-BE8CDF4FB149}.Debug|Any CPU.ActiveCfg = Debug|iPhoneSimulator
		{E656B6E1-F352-4F72-AA72-BE8CDF4FB149}.Debug|Any CPU.Build.0 = Debug|iPhoneSimulator
		{E656B6E1-F352-4F72-AA72-BE8CDF4FB149}.Release|Any CPU.ActiveCfg = Release|iPhone
		{E656B6E1-F352-4F72-AA72-BE8CDF4FB149}.Release|Any CPU.Build.0 = Release|iPhone
		{E656B6E1-F352-4F72-AA72-BE8CDF4FB149}.Debug|iPhoneSimulator.ActiveCfg = Debug|iPhoneSimulator
		{E656B6E1-F352-4F72-AA72-BE8CDF4FB149}.Debug|iPhoneSimulator.Build.0 = Debug|iPhoneSimulator
		{E656B6E1-F352-4F72-AA72-BE8CDF4FB149}.Release|iPhone.ActiveCfg = Release|iPhone
		{E656B6E1-F352-4F72-AA72-BE8CDF4FB149}.Release|iPhone.Build.0 = Release|iPhone
		{E656B6E1-F352-4F72-AA72-BE8CDF4FB149}.Release|iPhoneSimulator.ActiveCfg = Release|iPhoneSimulator
		{E656B6E1-F352-4F72-AA72-BE8CDF4FB149}.Release|iPhoneSimulator.Build.0 = Release|iPhoneSimulator
		{E656B6E1-F352-4F72-AA72-BE8CDF4FB149}.Debug|iPhone.ActiveCfg = Debug|iPhone
		{E656B6E1-F352-4F72-AA72-BE8CDF4FB149}.Debug|iPhone.Build.0 = Debug|iPhone
		{E524CA6C-5FB9-49BE-A67C-2267C64725CA}.Debug|Any CPU.ActiveCfg = Debug|Any CPU
		{E524CA6C-5FB9-49BE-A67C-2267C64725CA}.Debug|Any CPU.Build.0 = Debug|Any CPU
		{E524CA6C-5FB9-49BE-A67C-2267C64725CA}.Release|Any CPU.ActiveCfg = Release|Any CPU
		{E524CA6C-5FB9-49BE-A67C-2267C64725CA}.Release|Any CPU.Build.0 = Release|Any CPU
		{E524CA6C-5FB9-49BE-A67C-2267C64725CA}.Debug|iPhoneSimulator.ActiveCfg = Debug|Any CPU
		{E524CA6C-5FB9-49BE-A67C-2267C64725CA}.Debug|iPhoneSimulator.Build.0 = Debug|Any CPU
		{E524CA6C-5FB9-49BE-A67C-2267C64725CA}.Release|iPhone.ActiveCfg = Release|Any CPU
		{E524CA6C-5FB9-49BE-A67C-2267C64725CA}.Release|iPhone.Build.0 = Release|Any CPU
		{E524CA6C-5FB9-49BE-A67C-2267C64725CA}.Release|iPhoneSimulator.ActiveCfg = Release|Any CPU
		{E524CA6C-5FB9-49BE-A67C-2267C64725CA}.Release|iPhoneSimulator.Build.0 = Release|Any CPU
		{E524CA6C-5FB9-49BE-A67C-2267C64725CA}.Debug|iPhone.ActiveCfg = Debug|Any CPU
		{E524CA6C-5FB9-49BE-A67C-2267C64725CA}.Debug|iPhone.Build.0 = Debug|Any CPU
		{62D84242-F24C-4BF4-BD46-E2564C54B9A7}.Debug|Any CPU.ActiveCfg = Debug|Any CPU
		{62D84242-F24C-4BF4-BD46-E2564C54B9A7}.Debug|Any CPU.Build.0 = Debug|Any CPU
		{62D84242-F24C-4BF4-BD46-E2564C54B9A7}.Release|Any CPU.ActiveCfg = Release|Any CPU
		{62D84242-F24C-4BF4-BD46-E2564C54B9A7}.Release|Any CPU.Build.0 = Release|Any CPU
		{62D84242-F24C-4BF4-BD46-E2564C54B9A7}.Debug|iPhoneSimulator.ActiveCfg = Debug|Any CPU
		{62D84242-F24C-4BF4-BD46-E2564C54B9A7}.Debug|iPhoneSimulator.Build.0 = Debug|Any CPU
		{62D84242-F24C-4BF4-BD46-E2564C54B9A7}.Release|iPhone.ActiveCfg = Release|Any CPU
		{62D84242-F24C-4BF4-BD46-E2564C54B9A7}.Release|iPhone.Build.0 = Release|Any CPU
		{62D84242-F24C-4BF4-BD46-E2564C54B9A7}.Release|iPhoneSimulator.ActiveCfg = Release|Any CPU
		{62D84242-F24C-4BF4-BD46-E2564C54B9A7}.Release|iPhoneSimulator.Build.0 = Release|Any CPU
		{62D84242-F24C-4BF4-BD46-E2564C54B9A7}.Debug|iPhone.ActiveCfg = Debug|Any CPU
		{62D84242-F24C-4BF4-BD46-E2564C54B9A7}.Debug|iPhone.Build.0 = Debug|Any CPU
	EndGlobalSection
	GlobalSection(NestedProjects) = preSolution
		{E524CA6C-5FB9-49BE-A67C-2267C64725CA} = {7E715C66-D897-4DCB-87AD-AFA43D4E01F3}
		{62D84242-F24C-4BF4-BD46-E2564C54B9A7} = {7E715C66-D897-4DCB-87AD-AFA43D4E01F3}
	EndGlobalSection
EndGlobal
